// !$*UTF8*$!
{
	archiveVersion = 1;
	classes = {
	};
	objectVersion = 56;
	objects = {

/* Begin PBXBuildFile section */
		C71A872E291847F30091F86B /* main.cpp in Sources */ = {isa = PBXBuildFile; fileRef = C71A872D291847F30091F86B /* main.cpp */; };
		C71A8736291848570091F86B /* GLUT.framework in Frameworks */ = {isa = PBXBuildFile; fileRef = C71A8735291848570091F86B /* GLUT.framework */; };
		C71A87382918485C0091F86B /* OpenGL.framework in Frameworks */ = {isa = PBXBuildFile; fileRef = C71A87372918485C0091F86B /* OpenGL.framework */; };
		C71A873A291848620091F86B /* Cocoa.framework in Frameworks */ = {isa = PBXBuildFile; fileRef = C71A8739291848620091F86B /* Cocoa.framework */; };
		C71A873C291848E50091F86B /* libglfw.3.3.dylib in Frameworks */ = {isa = PBXBuildFile; fileRef = C71A873B291848E50091F86B /* libglfw.3.3.dylib */; };
		C71A873E291848F70091F86B /* libGLEW.2.2.0.dylib in Frameworks */ = {isa = PBXBuildFile; fileRef = C71A873D291848F70091F86B /* libGLEW.2.2.0.dylib */; };
/* End PBXBuildFile section */

/* Begin PBXCopyFilesBuildPhase section */
		C71A8728291847F30091F86B /* CopyFiles */ = {
			isa = PBXCopyFilesBuildPhase;
			buildActionMask = 2147483647;
			dstPath = /usr/share/man/man1/;
			dstSubfolderSpec = 0;
			files = (
			);
			runOnlyForDeploymentPostprocessing = 1;
		};
/* End PBXCopyFilesBuildPhase section */

/* Begin PBXFileReference section */
		C71A872A291847F30091F86B /* TemperatureController */ = {isa = PBXFileReference; explicitFileType = "compiled.mach-o.executable"; includeInIndex = 0; path = TemperatureController; sourceTree = BUILT_PRODUCTS_DIR; };
		C71A872D291847F30091F86B /* main.cpp */ = {isa = PBXFileReference; lastKnownFileType = sourcecode.cpp.cpp; path = main.cpp; sourceTree = "<group>"; };
		C71A8735291848570091F86B /* GLUT.framework */ = {isa = PBXFileReference; lastKnownFileType = wrapper.framework; name = GLUT.framework; path = System/Library/Frameworks/GLUT.framework; sourceTree = SDKROOT; };
		C71A87372918485C0091F86B /* OpenGL.framework */ = {isa = PBXFileReference; lastKnownFileType = wrapper.framework; name = OpenGL.framework; path = System/Library/Frameworks/OpenGL.framework; sourceTree = SDKROOT; };
		C71A8739291848620091F86B /* Cocoa.framework */ = {isa = PBXFileReference; lastKnownFileType = wrapper.framework; name = Cocoa.framework; path = System/Library/Frameworks/Cocoa.framework; sourceTree = SDKROOT; };
		C71A873B291848E50091F86B /* libglfw.3.3.dylib */ = {isa = PBXFileReference; lastKnownFileType = "compiled.mach-o.dylib"; name = libglfw.3.3.dylib; path = ../../../../../opt/homebrew/Cellar/glfw/3.3.8/lib/libglfw.3.3.dylib; sourceTree = "<group>"; };
		C71A873D291848F70091F86B /* libGLEW.2.2.0.dylib */ = {isa = PBXFileReference; lastKnownFileType = "compiled.mach-o.dylib"; name = libGLEW.2.2.0.dylib; path = ../../../../../opt/homebrew/Cellar/glew/2.2.0_1/lib/libGLEW.2.2.0.dylib; sourceTree = "<group>"; };
		C71A873F29185E620091F86B /* TemperatureController.entitlements */ = {isa = PBXFileReference; lastKnownFileType = text.plist.entitlements; path = TemperatureController.entitlements; sourceTree = "<group>"; };
/* End PBXFileReference section */

/* Begin PBXFrameworksBuildPhase section */
		C71A8727291847F30091F86B /* Frameworks */ = {
			isa = PBXFrameworksBuildPhase;
			buildActionMask = 2147483647;
			files = (
				C71A873E291848F70091F86B /* libGLEW.2.2.0.dylib in Frameworks */,
				C71A873C291848E50091F86B /* libglfw.3.3.dylib in Frameworks */,
				C71A873A291848620091F86B /* Cocoa.framework in Frameworks */,
				C71A87382918485C0091F86B /* OpenGL.framework in Frameworks */,
				C71A8736291848570091F86B /* GLUT.framework in Frameworks */,
			);
			runOnlyForDeploymentPostprocessing = 0;
		};
/* End PBXFrameworksBuildPhase section */

/* Begin PBXGroup section */
		C71A8721291847F30091F86B = {
			isa = PBXGroup;
			children = (
				C71A872C291847F30091F86B /* TemperatureController */,
				C71A872B291847F30091F86B /* Products */,
				C71A8734291848560091F86B /* Frameworks */,
			);
			sourceTree = "<group>";
		};
		C71A872B291847F30091F86B /* Products */ = {
			isa = PBXGroup;
			children = (
				C71A872A291847F30091F86B /* TemperatureController */,
			);
			name = Products;
			sourceTree = "<group>";
		};
		C71A872C291847F30091F86B /* TemperatureController */ = {
			isa = PBXGroup;
			children = (
				C71A873F29185E620091F86B /* TemperatureController.entitlements */,
				C71A872D291847F30091F86B /* main.cpp */,
			);
			path = TemperatureController;
			sourceTree = "<group>";
		};
		C71A8734291848560091F86B /* Frameworks */ = {
			isa = PBXGroup;
			children = (
				C71A873D291848F70091F86B /* libGLEW.2.2.0.dylib */,
				C71A873B291848E50091F86B /* libglfw.3.3.dylib */,
				C71A8739291848620091F86B /* Cocoa.framework */,
				C71A87372918485C0091F86B /* OpenGL.framework */,
				C71A8735291848570091F86B /* GLUT.framework */,
			);
			name = Frameworks;
			sourceTree = "<group>";
		};
/* End PBXGroup section */

/* Begin PBXNativeTarget section */
		C71A8729291847F30091F86B /* TemperatureController */ = {
			isa = PBXNativeTarget;
			buildConfigurationList = C71A8731291847F30091F86B /* Build configuration list for PBXNativeTarget "TemperatureController" */;
			buildPhases = (
				C71A8726291847F30091F86B /* Sources */,
				C71A8727291847F30091F86B /* Frameworks */,
				C71A8728291847F30091F86B /* CopyFiles */,
			);
			buildRules = (
			);
			dependencies = (
			);
			name = TemperatureController;
			productName = TemperatureController;
			productReference = C71A872A291847F30091F86B /* TemperatureController */;
			productType = "com.apple.product-type.tool";
		};
/* End PBXNativeTarget section */

/* Begin PBXProject section */
		C71A8722291847F30091F86B /* Project object */ = {
			isa = PBXProject;
			attributes = {
				BuildIndependentTargetsInParallel = 1;
				LastUpgradeCheck = 1410;
				TargetAttributes = {
					C71A8729291847F30091F86B = {
						CreatedOnToolsVersion = 14.1;
					};
				};
			};
			buildConfigurationList = C71A8725291847F30091F86B /* Build configuration list for PBXProject "TemperatureController" */;
			compatibilityVersion = "Xcode 14.0";
			developmentRegion = en;
			hasScannedForEncodings = 0;
			knownRegions = (
				en,
				Base,
			);
			mainGroup = C71A8721291847F30091F86B;
			productRefGroup = C71A872B291847F30091F86B /* Products */;
			projectDirPath = "";
			projectRoot = "";
			targets = (
				C71A8729291847F30091F86B /* TemperatureController */,
			);
		};
/* End PBXProject section */

/* Begin PBXSourcesBuildPhase section */
		C71A8726291847F30091F86B /* Sources */ = {
			isa = PBXSourcesBuildPhase;
			buildActionMask = 2147483647;
			files = (
				C71A872E291847F30091F86B /* main.cpp in Sources */,
			);
			runOnlyForDeploymentPostprocessing = 0;
		};
/* End PBXSourcesBuildPhase section */

/* Begin XCBuildConfiguration section */
		C71A872F291847F30091F86B /* Debug */ = {
			isa = XCBuildConfiguration;
			buildSettings = {
				ALWAYS_SEARCH_USER_PATHS = NO;
				CLANG_ANALYZER_NONNULL = YES;
				CLANG_ANALYZER_NUMBER_OBJECT_CONVERSION = YES_AGGRESSIVE;
				CLANG_CXX_LANGUAGE_STANDARD = "gnu++20";
				CLANG_ENABLE_MODULES = YES;
				CLANG_ENABLE_OBJC_ARC = YES;
				CLANG_ENABLE_OBJC_WEAK = YES;
				CLANG_WARN_BLOCK_CAPTURE_AUTORELEASING = YES;
				CLANG_WARN_BOOL_CONVERSION = YES;
				CLANG_WARN_COMMA = YES;
				CLANG_WARN_CONSTANT_CONVERSION = YES;
				CLANG_WARN_DEPRECATED_OBJC_IMPLEMENTATIONS = YES;
				CLANG_WARN_DIRECT_OBJC_ISA_USAGE = YES_ERROR;
				CLANG_WARN_DOCUMENTATION_COMMENTS = YES;
				CLANG_WARN_EMPTY_BODY = YES;
				CLANG_WARN_ENUM_CONVERSION = YES;
				CLANG_WARN_INFINITE_RECURSION = YES;
				CLANG_WARN_INT_CONVERSION = YES;
				CLANG_WARN_NON_LITERAL_NULL_CONVERSION = YES;
				CLANG_WARN_OBJC_IMPLICIT_RETAIN_SELF = YES;
				CLANG_WARN_OBJC_LITERAL_CONVERSION = YES;
				CLANG_WARN_OBJC_ROOT_CLASS = YES_ERROR;
				CLANG_WARN_QUOTED_INCLUDE_IN_FRAMEWORK_HEADER = YES;
				CLANG_WARN_RANGE_LOOP_ANALYSIS = YES;
				CLANG_WARN_STRICT_PROTOTYPES = YES;
				CLANG_WARN_SUSPICIOUS_MOVE = YES;
				CLANG_WARN_UNGUARDED_AVAILABILITY = YES_AGGRESSIVE;
				CLANG_WARN_UNREACHABLE_CODE = YES;
				CLANG_WARN__DUPLICATE_METHOD_MATCH = YES;
				COPY_PHASE_STRIP = NO;
				DEBUG_INFORMATION_FORMAT = dwarf;
				ENABLE_STRICT_OBJC_MSGSEND = YES;
				ENABLE_TESTABILITY = YES;
				GCC_C_LANGUAGE_STANDARD = gnu11;
				GCC_DYNAMIC_NO_PIC = NO;
				GCC_NO_COMMON_BLOCKS = YES;
				GCC_OPTIMIZATION_LEVEL = 0;
				GCC_PREPROCESSOR_DEFINITIONS = (
					"DEBUG=1",
					"$(inherited)",
				);
				GCC_WARN_64_TO_32_BIT_CONVERSION = YES;
				GCC_WARN_ABOUT_RETURN_TYPE = YES_ERROR;
				GCC_WARN_UNDECLARED_SELECTOR = YES;
				GCC_WARN_UNINITIALIZED_AUTOS = YES_AGGRESSIVE;
				GCC_WARN_UNUSED_FUNCTION = YES;
				GCC_WARN_UNUSED_VARIABLE = YES;
				HEADER_SEARCH_PATHS = "";
				MACOSX_DEPLOYMENT_TARGET = 13.0;
				MTL_ENABLE_DEBUG_INFO = INCLUDE_SOURCE;
				MTL_FAST_MATH = YES;
				ONLY_ACTIVE_ARCH = YES;
				SDKROOT = macosx;
			};
			name = Debug;
		};
		C71A8730291847F30091F86B /* Release */ = {
			isa = XCBuildConfiguration;
			buildSettings = {
				ALWAYS_SEARCH_USER_PATHS = NO;
				CLANG_ANALYZER_NONNULL = YES;
				CLANG_ANALYZER_NUMBER_OBJECT_CONVERSION = YES_AGGRESSIVE;
				CLANG_CXX_LANGUAGE_STANDARD = "gnu++20";
				CLANG_ENABLE_MODULES = YES;
				CLANG_ENABLE_OBJC_ARC = YES;
				CLANG_ENABLE_OBJC_WEAK = YES;
				CLANG_WARN_BLOCK_CAPTURE_AUTORELEASING = YES;
				CLANG_WARN_BOOL_CONVERSION = YES;
				CLANG_WARN_COMMA = YES;
				CLANG_WARN_CONSTANT_CONVERSION = YES;
				CLANG_WARN_DEPRECATED_OBJC_IMPLEMENTATIONS = YES;
				CLANG_WARN_DIRECT_OBJC_ISA_USAGE = YES_ERROR;
				CLANG_WARN_DOCUMENTATION_COMMENTS = YES;
				CLANG_WARN_EMPTY_BODY = YES;
				CLANG_WARN_ENUM_CONVERSION = YES;
				CLANG_WARN_INFINITE_RECURSION = YES;
				CLANG_WARN_INT_CONVERSION = YES;
				CLANG_WARN_NON_LITERAL_NULL_CONVERSION = YES;
				CLANG_WARN_OBJC_IMPLICIT_RETAIN_SELF = YES;
				CLANG_WARN_OBJC_LITERAL_CONVERSION = YES;
				CLANG_WARN_OBJC_ROOT_CLASS = YES_ERROR;
				CLANG_WARN_QUOTED_INCLUDE_IN_FRAMEWORK_HEADER = YES;
				CLANG_WARN_RANGE_LOOP_ANALYSIS = YES;
				CLANG_WARN_STRICT_PROTOTYPES = YES;
				CLANG_WARN_SUSPICIOUS_MOVE = YES;
				CLANG_WARN_UNGUARDED_AVAILABILITY = YES_AGGRESSIVE;
				CLANG_WARN_UNREACHABLE_CODE = YES;
				CLANG_WARN__DUPLICATE_METHOD_MATCH = YES;
				COPY_PHASE_STRIP = NO;
				DEBUG_INFORMATION_FORMAT = "dwarf-with-dsym";
				ENABLE_NS_ASSERTIONS = NO;
				ENABLE_STRICT_OBJC_MSGSEND = YES;
				GCC_C_LANGUAGE_STANDARD = gnu11;
				GCC_NO_COMMON_BLOCKS = YES;
				GCC_WARN_64_TO_32_BIT_CONVERSION = YES;
				GCC_WARN_ABOUT_RETURN_TYPE = YES_ERROR;
				GCC_WARN_UNDECLARED_SELECTOR = YES;
				GCC_WARN_UNINITIALIZED_AUTOS = YES_AGGRESSIVE;
				GCC_WARN_UNUSED_FUNCTION = YES;
				GCC_WARN_UNUSED_VARIABLE = YES;
				HEADER_SEARCH_PATHS = "";
				MACOSX_DEPLOYMENT_TARGET = 13.0;
				MTL_ENABLE_DEBUG_INFO = NO;
				MTL_FAST_MATH = YES;
				SDKROOT = macosx;
			};
			name = Release;
		};
		C71A8732291847F30091F86B /* Debug */ = {
			isa = XCBuildConfiguration;
			buildSettings = {
				CODE_SIGN_ENTITLEMENTS = TemperatureController/TemperatureController.entitlements;
				"CODE_SIGN_IDENTITY[sdk=macosx*]" = "Apple Development";
				CODE_SIGN_STYLE = Automatic;
				DEVELOPMENT_TEAM = LMUBQ423W6;
				ENABLE_HARDENED_RUNTIME = YES;
				HEADER_SEARCH_PATHS = (
					/opt/homebrew/include,
					/opt/homebrew/Cellar/glfw/3.3.8/include,
					/opt/homebrew/Cellar/glew/2.2.0_1/include,
				);
				LIBRARY_SEARCH_PATHS = (
					/opt/homebrew/Cellar/glfw/3.3.8/lib,
					/opt/homebrew/Cellar/glew/2.2.0_1/lib,
				);
				PRODUCT_NAME = "$(TARGET_NAME)";
			};
			name = Debug;
		};
		C71A8733291847F30091F86B /* Release */ = {
			isa = XCBuildConfiguration;
			buildSettings = {
				CODE_SIGN_ENTITLEMENTS = TemperatureController/TemperatureController.entitlements;
				"CODE_SIGN_IDENTITY[sdk=macosx*]" = "Apple Development";
				CODE_SIGN_STYLE = Automatic;
				DEVELOPMENT_TEAM = LMUBQ423W6;
				ENABLE_HARDENED_RUNTIME = YES;
				HEADER_SEARCH_PATHS = (
					/opt/homebrew/include,
					/opt/homebrew/Cellar/glfw/3.3.8/include,
					/opt/homebrew/Cellar/glew/2.2.0_1/include,
				);
				LIBRARY_SEARCH_PATHS = (
					/opt/homebrew/Cellar/glfw/3.3.8/lib,
					/opt/homebrew/Cellar/glew/2.2.0_1/lib,
				);
				PRODUCT_NAME = "$(TARGET_NAME)";
			};
			name = Release;
		};
/* End XCBuildConfiguration section */

/* Begin XCConfigurationList section */
		C71A8725291847F30091F86B /* Build configuration list for PBXProject "TemperatureController" */ = {
			isa = XCConfigurationList;
			buildConfigurations = (
				C71A872F291847F30091F86B /* Debug */,
				C71A8730291847F30091F86B /* Release */,
			);
			defaultConfigurationIsVisible = 0;
			defaultConfigurationName = Release;
		};
		C71A8731291847F30091F86B /* Build configuration list for PBXNativeTarget "TemperatureController" */ = {
			isa = XCConfigurationList;
			buildConfigurations = (
				C71A8732291847F30091F86B /* Debug */,
				C71A8733291847F30091F86B /* Release */,
			);
			defaultConfigurationIsVisible = 0;
			defaultConfigurationName = Release;
		};
/* End XCConfigurationList section */
	};
	rootObject = C71A8722291847F30091F86B /* Project object */;
}
